github.com/google/go-cmp v0.6.0 h1:ofyhxvXcZhMsU5ulbFiLKl/XBFqE1GSq7atu8tAmTRI=
github.com/google/go-cmp v0.6.0/go.mod h1:17dUlkBOakJ0+DkrSSNjCkIjxS6bF9zb3elmeNGIjoY=
google.golang.org/genproto/googleapis/api v0.0.0-20241113202542-65e8d215514f h1:M65LEviCfuZTfrfzwwEoxVtgvfkFkBUbFnRbxCXuXhU=
google.golang.org/genproto/googleapis/api v0.0.0-20241113202542-65e8d215514f/go.mod h1:Yo94eF2nj7igQt+TiJ49KxjIH8ndLYPZMIRSiRcEbg0=
google.golang.org/protobuf v1.35.2 h1:8Ar7bF+apOIoThw1EdZl0p1oWvMqTHmpA2fRTyZO8io=
google.golang.org/protobuf v1.35.2/go.mod h1:9fA7Ob0pmnwhb644+1+CVWFRbNajQ6iRojtC/QF5bRE=
